{
  "name": "hacktoberph.github.io",
  "version": "0.0.1",
  "lockfileVersion": 1,
  "requires": true,
  "dependencies": {
    "@material/animation": {
      "version": "0.4.1",
      "resolved": "https://registry.npmjs.org/@material/animation/-/animation-0.4.1.tgz",
      "integrity": "sha1-v4tQrtrUz/zopbQo/cqPGruvF24="
    },
    "@material/auto-init": {
      "version": "0.2.0",
      "resolved": "https://registry.npmjs.org/@material/auto-init/-/auto-init-0.2.0.tgz",
      "integrity": "sha512-ltn1u1XH/K6mvRqXJMADp2WjreuyI+23qc1inH4HuZNDky1zvnmK1iuoOXtRXNpwQ5A3ds6qcCoCrD6JD5Y5fg=="
    },
    "@material/base": {
      "version": "0.2.6",
      "resolved": "https://registry.npmjs.org/@material/base/-/base-0.2.6.tgz",
      "integrity": "sha1-MAPz3ywG0XIVHUFguMiy5sZefAE="
    },
    "@material/button": {
      "version": "0.7.1",
      "resolved": "https://registry.npmjs.org/@material/button/-/button-0.7.1.tgz",
      "integrity": "sha1-U95QnSRZYDRQbjh84Wqzpqga1wk=",
      "requires": {
        "@material/elevation": "0.1.13",
        "@material/ripple": "0.8.8",
        "@material/theme": "0.4.0",
        "@material/typography": "0.3.0"
      }
    },
    "@material/card": {
      "version": "0.2.10",
      "resolved": "https://registry.npmjs.org/@material/card/-/card-0.2.10.tgz",
      "integrity": "sha1-WaVT9EXAeivSpsOTkDFqHZwq8rE=",
      "requires": {
        "@material/elevation": "0.1.13",
        "@material/rtl": "0.1.8",
        "@material/theme": "0.4.0",
        "@material/typography": "0.3.0"
      }
    },
    "@material/checkbox": {
      "version": "0.4.8",
      "resolved": "https://registry.npmjs.org/@material/checkbox/-/checkbox-0.4.8.tgz",
      "integrity": "sha1-jssSoHW8NiUCF0+t8zCW9Yd8URA=",
      "requires": {
        "@material/animation": "0.4.1",
        "@material/base": "0.2.6",
        "@material/ripple": "0.8.8",
        "@material/rtl": "0.1.8",
        "@material/selection-control": "0.1.3",
        "@material/theme": "0.4.0"
      }
    },
    "@material/dialog": {
      "version": "0.4.5",
      "resolved": "https://registry.npmjs.org/@material/dialog/-/dialog-0.4.5.tgz",
      "integrity": "sha1-2C0VNVzvJb3DwY/+VMkMvKsdK9k=",
      "requires": {
        "@material/animation": "0.4.1",
        "@material/base": "0.2.6",
        "@material/elevation": "0.1.13",
        "@material/ripple": "0.8.8",
        "@material/rtl": "0.1.8",
        "@material/theme": "0.4.0",
        "@material/typography": "0.1.1",
        "focus-trap": "2.3.0"
      },
      "dependencies": {
        "@material/typography": {
          "version": "0.1.1",
          "resolved": "https://registry.npmjs.org/@material/typography/-/typography-0.1.1.tgz",
          "integrity": "sha1-+y40N70yhNOen7kUhXZ63msr0ME="
        }
      }
    },
    "@material/drawer": {
      "version": "0.5.9",
      "resolved": "https://registry.npmjs.org/@material/drawer/-/drawer-0.5.9.tgz",
      "integrity": "sha1-gbgd9cjZXoKXrgUs/6ZtyZcBHb0=",
      "requires": {
        "@material/animation": "0.4.1",
        "@material/base": "0.2.6",
        "@material/elevation": "0.1.13",
        "@material/rtl": "0.1.8",
        "@material/theme": "0.4.0",
        "@material/typography": "0.3.0"
      }
    },
    "@material/elevation": {
      "version": "0.1.13",
      "resolved": "https://registry.npmjs.org/@material/elevation/-/elevation-0.1.13.tgz",
      "integrity": "sha1-o4iF88r0OYymp0aMMIiH1wvUYFs=",
      "requires": {
        "@material/animation": "0.4.1"
      }
    },
    "@material/fab": {
      "version": "0.5.2",
      "resolved": "https://registry.npmjs.org/@material/fab/-/fab-0.5.2.tgz",
      "integrity": "sha1-Y5acSrn9tAkh2gKvWLsPLol3T00=",
      "requires": {
        "@material/animation": "0.4.1",
        "@material/elevation": "0.1.13",
        "@material/ripple": "0.8.8",
        "@material/theme": "0.4.0"
      }
    },
    "@material/form-field": {
      "version": "0.2.17",
      "resolved": "https://registry.npmjs.org/@material/form-field/-/form-field-0.2.17.tgz",
      "integrity": "sha1-fiomhJUWBxLA2W1EUwggCYpdylU=",
      "requires": {
        "@material/base": "0.2.6",
        "@material/rtl": "0.1.8",
        "@material/selection-control": "0.1.3",
        "@material/theme": "0.4.0",
        "@material/typography": "0.3.0"
      }
    },
    "@material/grid-list": {
      "version": "0.2.13",
      "resolved": "https://registry.npmjs.org/@material/grid-list/-/grid-list-0.2.13.tgz",
      "integrity": "sha1-BM4ZjSPHEMZzFvHsXwQJgp/Wvq0=",
      "requires": {
        "@material/base": "0.2.6",
        "@material/rtl": "0.1.8",
        "@material/theme": "0.4.0",
        "@material/typography": "0.3.0"
      }
    },
    "@material/icon-toggle": {
      "version": "0.1.22",
      "resolved": "https://registry.npmjs.org/@material/icon-toggle/-/icon-toggle-0.1.22.tgz",
      "integrity": "sha1-xsRJhR9rntKf83me5Vo0EICbiQ8=",
      "requires": {
        "@material/animation": "0.4.1",
        "@material/base": "0.2.6",
        "@material/ripple": "0.8.8",
        "@material/theme": "0.4.0"
      }
    },
    "@material/layout-grid": {
      "version": "0.4.4",
      "resolved": "https://registry.npmjs.org/@material/layout-grid/-/layout-grid-0.4.4.tgz",
      "integrity": "sha512-HEmngfoEcoonIekSFtBxQiY2QJkjylx3h/ZzipA9aMexP/n0BWvQZrZc+m53C2ntlvaK4kkLAu1at10v5Iry5g=="
    },
    "@material/linear-progress": {
      "version": "0.1.11",
      "resolved": "https://registry.npmjs.org/@material/linear-progress/-/linear-progress-0.1.11.tgz",
      "integrity": "sha1-lx1OAVV1pLEx6W8KoMlECtXp4+8=",
      "requires": {
        "@material/animation": "0.4.1",
        "@material/base": "0.2.6",
        "@material/theme": "0.4.0"
      }
    },
    "@material/list": {
      "version": "0.2.20",
      "resolved": "https://registry.npmjs.org/@material/list/-/list-0.2.20.tgz",
      "integrity": "sha1-XtSzG+OxnBrFwvRbi9iIW7VzdDQ=",
      "requires": {
        "@material/ripple": "0.8.8",
        "@material/rtl": "0.1.8",
        "@material/theme": "0.4.0",
        "@material/typography": "0.3.0"
      }
    },
    "@material/menu": {
      "version": "0.4.8",
      "resolved": "https://registry.npmjs.org/@material/menu/-/menu-0.4.8.tgz",
      "integrity": "sha1-YDtABdlpcOFUdPnSgj9MfKD1KHs=",
      "requires": {
        "@material/animation": "0.4.1",
        "@material/base": "0.2.6",
        "@material/elevation": "0.1.13",
        "@material/theme": "0.4.0",
        "@material/typography": "0.3.0"
      }
    },
    "@material/radio": {
      "version": "0.2.15",
      "resolved": "https://registry.npmjs.org/@material/radio/-/radio-0.2.15.tgz",
      "integrity": "sha1-NZj3nL4cQTwrVKwysNsSlV+TY2s=",
      "requires": {
        "@material/animation": "0.4.1",
        "@material/base": "0.2.6",
        "@material/ripple": "0.8.8",
        "@material/selection-control": "0.1.3",
        "@material/theme": "0.4.0"
      }
    },
    "@material/ripple": {
      "version": "0.8.8",
      "resolved": "https://registry.npmjs.org/@material/ripple/-/ripple-0.8.8.tgz",
      "integrity": "sha1-Irie2eY4g/F/pPANEjcOMuDEWbc=",
      "requires": {
        "@material/base": "0.2.6",
        "@material/theme": "0.4.0"
      }
    },
    "@material/rtl": {
      "version": "0.1.8",
      "resolved": "https://registry.npmjs.org/@material/rtl/-/rtl-0.1.8.tgz",
      "integrity": "sha512-NzBobwxvhJg+dch99pVO+Z9HL1DM+esuIy5WYXgM7trfOVh8n9DkVo5vD/NKnDy6F5wCaRnJOI5T19Tev6c9Zw=="
    },
    "@material/select": {
      "version": "0.3.18",
      "resolved": "https://registry.npmjs.org/@material/select/-/select-0.3.18.tgz",
      "integrity": "sha1-YwHePHeudJ7e7bl90ja1WzDAozI=",
      "requires": {
        "@material/animation": "0.4.1",
        "@material/base": "0.2.6",
        "@material/list": "0.2.20",
        "@material/menu": "0.4.8",
        "@material/rtl": "0.1.8",
        "@material/theme": "0.4.0",
        "@material/typography": "0.3.0"
      }
    },
    "@material/selection-control": {
      "version": "0.1.3",
      "resolved": "https://registry.npmjs.org/@material/selection-control/-/selection-control-0.1.3.tgz",
      "integrity": "sha1-T7ftH9fuIpajLBVs8sHriSv+RMY=",
      "requires": {
        "@material/ripple": "0.8.8"
      }
    },
    "@material/slider": {
      "version": "0.2.7",
      "resolved": "https://registry.npmjs.org/@material/slider/-/slider-0.2.7.tgz",
      "integrity": "sha1-pA37E9Kg6SGZrsHPGKY6spSvW8g=",
      "requires": {
        "@material/animation": "0.4.1",
        "@material/base": "0.2.6",
        "@material/rtl": "0.1.8",
        "@material/theme": "0.4.0"
      }
    },
    "@material/snackbar": {
      "version": "0.4.1",
      "resolved": "https://registry.npmjs.org/@material/snackbar/-/snackbar-0.4.1.tgz",
      "integrity": "sha1-6L7BD2hp3fNrQdiGs7fyg0exSAw=",
      "requires": {
        "@material/animation": "0.4.1",
        "@material/base": "0.2.6",
        "@material/rtl": "0.1.8",
        "@material/theme": "0.4.0",
        "@material/typography": "0.3.0"
      }
    },
    "@material/switch": {
      "version": "0.1.15",
      "resolved": "https://registry.npmjs.org/@material/switch/-/switch-0.1.15.tgz",
      "integrity": "sha1-bysfHvfD3JbjKmijEBSYtWKRRhk=",
      "requires": {
        "@material/animation": "0.4.1",
        "@material/elevation": "0.1.13",
        "@material/theme": "0.4.0"
      }
    },
    "@material/tabs": {
      "version": "0.3.1",
      "resolved": "https://registry.npmjs.org/@material/tabs/-/tabs-0.3.1.tgz",
      "integrity": "sha1-+U/uBkylsFFe8DhBP4ZYx2a5j/g=",
      "requires": {
        "@material/animation": "0.4.1",
        "@material/base": "0.2.6",
        "@material/ripple": "0.8.8",
        "@material/rtl": "0.1.8",
        "@material/theme": "0.4.0",
        "@material/typography": "0.3.0"
      }
    },
    "@material/textfield": {
      "version": "0.5.0",
      "resolved": "https://registry.npmjs.org/@material/textfield/-/textfield-0.5.0.tgz",
      "integrity": "sha1-5aOQWJRcDAvswLWQ2kw9O49q720=",
      "requires": {
        "@material/animation": "0.4.1",
        "@material/base": "0.2.6",
        "@material/ripple": "0.8.8",
        "@material/rtl": "0.1.8",
        "@material/theme": "0.4.0",
        "@material/typography": "0.3.0"
      }
    },
    "@material/theme": {
      "version": "0.4.0",
      "resolved": "https://registry.npmjs.org/@material/theme/-/theme-0.4.0.tgz",
      "integrity": "sha1-Cu8aAnm2XBWZBYT7i47KCVxzRkE="
    },
    "@material/toolbar": {
      "version": "0.4.11",
      "resolved": "https://registry.npmjs.org/@material/toolbar/-/toolbar-0.4.11.tgz",
      "integrity": "sha1-KEyKQ02bMWA+EDrFjR52vrGPqn4=",
      "requires": {
        "@material/base": "0.2.6",
        "@material/elevation": "0.1.13",
        "@material/rtl": "0.1.8",
        "@material/theme": "0.4.0",
        "@material/typography": "0.3.0"
      }
    },
    "@material/typography": {
      "version": "0.3.0",
      "resolved": "https://registry.npmjs.org/@material/typography/-/typography-0.3.0.tgz",
      "integrity": "sha1-+CjC0yFb/WbFgHJwm0JgxkElOQo="
    },
    "focus-trap": {
      "version": "2.3.0",
      "resolved": "https://registry.npmjs.org/focus-trap/-/focus-trap-2.3.0.tgz",
      "integrity": "sha1-B8kZZIZ9NGMV9PX434i/lkVTFuI=",
      "requires": {
        "tabbable": "1.1.0"
      }
    },
    "material-components-web": {
      "version": "0.22.0",
      "resolved": "https://registry.npmjs.org/material-components-web/-/material-components-web-0.22.0.tgz",
      "integrity": "sha1-iyk/7MnXaLmnLi/WKTWQIJeXNGY=",
      "requires": {
        "@material/animation": "0.4.1",
        "@material/auto-init": "0.2.0",
        "@material/base": "0.2.6",
        "@material/button": "0.7.1",
        "@material/card": "0.2.10",
        "@material/checkbox": "0.4.8",
        "@material/dialog": "0.4.5",
        "@material/drawer": "0.5.9",
        "@material/elevation": "0.1.13",
        "@material/fab": "0.5.2",
        "@material/form-field": "0.2.17",
        "@material/grid-list": "0.2.13",
        "@material/icon-toggle": "0.1.22",
        "@material/layout-grid": "0.4.4",
        "@material/linear-progress": "0.1.11",
        "@material/list": "0.2.20",
        "@material/menu": "0.4.8",
        "@material/radio": "0.2.15",
        "@material/ripple": "0.8.8",
        "@material/rtl": "0.1.8",
        "@material/select": "0.3.18",
        "@material/selection-control": "0.1.3",
        "@material/slider": "0.2.7",
        "@material/snackbar": "0.4.1",
        "@material/switch": "0.1.15",
        "@material/tabs": "0.3.1",
        "@material/textfield": "0.5.0",
        "@material/theme": "0.4.0",
        "@material/toolbar": "0.4.11",
        "@material/typography": "0.3.0"
      }
    },
    "tabbable": {
      "version": "1.1.0",
      "resolved": "https://registry.npmjs.org/tabbable/-/tabbable-1.1.0.tgz",
      "integrity": "sha512-35UF7YrX08Wj5+CFFwO5akQYE4UFICvOY/xQ7Dgduhxb5QW7IS/d0DeLO9DnRzwVyfyiz6vRPj3MYhPt/Zopiw=="
    }
  }
}
